
Microsoft Visual Studio Solution File, Format Version 12.00
# Visual Studio Version 17
VisualStudioVersion = 17.6.33829.357
MinimumVisualStudioVersion = 10.0.40219.1
Project("{9A19103F-16F7-4668-BE54-9A1E7A4F7556}") = "BlazorAzureFileUpload", "BlazorAzureFileUpload.csproj", "{CBB12918-2FD4-4CAF-AAC6-7ACE89B267B0}"
EndProject
Global
	GlobalSection(SolutionConfigurationPlatforms) = preSolution
		Debug|Any CPU = Debug|Any CPU
		Release|Any CPU = Release|Any CPU
	EndGlobalSection
	GlobalSection(ProjectConfigurationPlatforms) = postSolution
		{CBB12918-2FD4-4CAF-AAC6-7ACE89B267B0}.Debug|Any CPU.ActiveCfg = Debug|Any CPU
		{CBB12918-2FD4-4CAF-AAC6-7ACE89B267B0}.Debug|Any CPU.Build.0 = Debug|Any CPU
		{CBB12918-2FD4-4CAF-AAC6-7ACE89B267B0}.Release|Any CPU.ActiveCfg = Release|Any CPU
		{CBB12918-2FD4-4CAF-AAC6-7ACE89B267B0}.Release|Any CPU.Build.0 = Release|Any CPU
	EndGlobalSection
	GlobalSection(SolutionProperties) = preSolution
		HideSolutionNode = FALSE
	EndGlobalSection
	GlobalSection(ExtensibilityGlobals) = postSolution
		SolutionGuid = {C815AA3F-6BA9-4EB8-B098-3A8092EF055E}
	EndGlobalSection
EndGlobal
